{
  "name": "WASDI-LIBRARY-TEST",
  "lockfileVersion": 2,
  "requires": true,
  "packages": {
    "": {
      "dependencies": {
        "wasdi": "^0.0.18"
      }
    },
    "node_modules/wasdi": {
      "version": "0.0.18",
      "resolved": "https://registry.npmjs.org/wasdi/-/wasdi-0.0.18.tgz",
      "integrity": "sha512-0FuelGLzHavSshCD2AopDp9k0r5VgFNDSFR8WgMOu/c6DNJzcv4GoBsxMcdrYrixvdehnStPPvlOYDzBbQE8Xw=="
    }
  },
  "dependencies": {
    "wasdi": {
      "version": "0.0.18",
      "resolved": "https://registry.npmjs.org/wasdi/-/wasdi-0.0.18.tgz",
      "integrity": "sha512-0FuelGLzHavSshCD2AopDp9k0r5VgFNDSFR8WgMOu/c6DNJzcv4GoBsxMcdrYrixvdehnStPPvlOYDzBbQE8Xw=="
    }
  }
}
